<?xml version="1.0" encoding="utf-8"?>
<Project ToolsVersion="4.0" xmlns="http://schemas.microsoft.com/developer/msbuild/2003">
  <ItemGroup>
    <Filter Include="源文件">
      <UniqueIdentifier>{4FC737F1-C7A5-4376-A066-2A32D752A2FF}</UniqueIdentifier>
      <Extensions>cpp;c;cc;cxx;def;odl;idl;hpj;bat;asm;asmx</Extensions>
    </Filter>
    <Filter Include="头文件">
      <UniqueIdentifier>{93995380-89BD-4b04-88EB-625FBE52EBFB}</UniqueIdentifier>
      <Extensions>h;hh;hpp;hxx;hm;inl;inc;xsd</Extensions>
    </Filter>
    <Filter Include="资源文件">
      <UniqueIdentifier>{67DA6AB6-F800-4c08-8B7A-83BB121AAD01}</UniqueIdentifier>
      <Extensions>rc;ico;cur;bmp;dlg;rc2;rct;bin;rgs;gif;jpg;jpeg;jpe;resx;tiff;tif;png;wav;mfcribbon-ms</Extensions>
    </Filter>
  </ItemGroup>
  <ItemGroup>
    <ClInclude Include="Include\stdafx.h">
      <Filter>头文件</Filter>
    </ClInclude>
    <ClInclude Include="Include\targetver.h">
      <Filter>头文件</Filter>
    </ClInclude>
    <ClInclude Include="Include\Model\Card.h">
      <Filter>头文件</Filter>
    </ClInclude>
    <ClInclude Include="Include\Keyword.h">
      <Filter>头文件</Filter>
    </ClInclude>
    <ClInclude Include="Include\Model\Deck.h">
      <Filter>头文件</Filter>
    </ClInclude>
    <ClInclude Include="Include\Model\Game.h">
      <Filter>头文件</Filter>
    </ClInclude>
    <ClInclude Include="Include\Model\Stopwatch.h">
      <Filter>头文件</Filter>
    </ClInclude>
    <ClInclude Include="Include\Rendering\VisualCard.h">
      <Filter>头文件</Filter>
    </ClInclude>
    <ClInclude Include="Include\Rendering\VisualDeck.h">
      <Filter>头文件</Filter>
    </ClInclude>
    <ClInclude Include="Include\Rendering\VisualGameScene.h">
      <Filter>头文件</Filter>
    </ClInclude>
    <ClInclude Include="Include\Rendering\VisualObject.h">
      <Filter>头文件</Filter>
    </ClInclude>
    <ClInclude Include="Include\Rendering\VisualScene.h">
      <Filter>头文件</Filter>
    </ClInclude>
    <ClInclude Include="Include\UI\MainFrame.h">
      <Filter>头文件</Filter>
    </ClInclude>
    <ClInclude Include="Res\Resource.h">
      <Filter>头文件</Filter>
    </ClInclude>
    <ClInclude Include="Include\UI\MainView.h">
      <Filter>头文件</Filter>
    </ClInclude>
    <ClInclude Include="Include\SET.h">
      <Filter>头文件</Filter>
    </ClInclude>
    <ClInclude Include="Include\Rendering\Transformation.h">
      <Filter>头文件</Filter>
    </ClInclude>
    <ClInclude Include="Include\Rendering\Material.h">
      <Filter>头文件</Filter>
    </ClInclude>
    <ClInclude Include="Include\Animation\Animation.h">
      <Filter>头文件</Filter>
    </ClInclude>
    <ClInclude Include="Include\Animation\GroupAnimation.h">
      <Filter>头文件</Filter>
    </ClInclude>
    <ClInclude Include="Include\Animation\SequentialAnimation.h">
      <Filter>头文件</Filter>
    </ClInclude>
    <ClInclude Include="Include\Animation\GenericAnimation.h">
      <Filter>头文件</Filter>
    </ClInclude>
    <ClInclude Include="Include\Animation\VisualObjectAnimations.h">
      <Filter>头文件</Filter>
    </ClInclude>
    <ClInclude Include="Include\Animation\LoopAnimation.h">
      <Filter>头文件</Filter>
    </ClInclude>
    <ClInclude Include="Include\Animation\AnimationBehaviors.h">
      <Filter>头文件</Filter>
    </ClInclude>
    <ClInclude Include="Include\Rendering\Geometry.h">
      <Filter>头文件</Filter>
    </ClInclude>
    <ClInclude Include="Include\Animation\AnimationManager.h">
      <Filter>头文件</Filter>
    </ClInclude>
    <ClInclude Include="Include\Animation\StopOperation.h">
      <Filter>头文件</Filter>
    </ClInclude>
    <ClInclude Include="Include\Rendering\TextureManager.h">
      <Filter>头文件</Filter>
    </ClInclude>
  </ItemGroup>
  <ItemGroup>
    <ClCompile Include="Source\UI\MainFrame.cpp">
      <Filter>源文件</Filter>
    </ClCompile>
    <ClCompile Include="Source\UI\MainView.cpp">
      <Filter>源文件</Filter>
    </ClCompile>
    <ClCompile Include="Source\SET.cpp">
      <Filter>源文件</Filter>
    </ClCompile>
    <ClCompile Include="Source\stdafx.cpp">
      <Filter>源文件</Filter>
    </ClCompile>
    <ClCompile Include="Source\Rendering\VisualCard.cpp">
      <Filter>源文件</Filter>
    </ClCompile>
    <ClCompile Include="Source\Rendering\VisualObject.cpp">
      <Filter>源文件</Filter>
    </ClCompile>
    <ClCompile Include="Source\Rendering\VisualGameScene.cpp">
      <Filter>源文件</Filter>
    </ClCompile>
    <ClCompile Include="Source\Model\Deck.cpp">
      <Filter>源文件</Filter>
    </ClCompile>
    <ClCompile Include="Source\Model\Game.cpp">
      <Filter>源文件</Filter>
    </ClCompile>
    <ClCompile Include="Source\Rendering\VisualScene.cpp">
      <Filter>源文件</Filter>
    </ClCompile>
    <ClCompile Include="Source\Model\Stopwatch.cpp">
      <Filter>源文件</Filter>
    </ClCompile>
    <ClCompile Include="Source\Animation\AnimationBehaviors.cpp">
      <Filter>源文件</Filter>
    </ClCompile>
    <ClCompile Include="Source\Animation\Animation.cpp">
      <Filter>源文件</Filter>
    </ClCompile>
  </ItemGroup>
  <ItemGroup>
    <Image Include="Resource\Resource\SET.ico">
      <Filter>资源文件</Filter>
    </Image>
    <Image Include="Res\SET.ico">
      <Filter>资源文件</Filter>
    </Image>
    <Image Include="Res\res\bitmap1.bmp">
      <Filter>资源文件</Filter>
    </Image>
    <Image Include="Res\res\Set.ico">
      <Filter>资源文件</Filter>
    </Image>
    <Image Include="Res\card background.bmp">
      <Filter>资源文件</Filter>
    </Image>
    <Image Include="Res\test.bmp">
      <Filter>资源文件</Filter>
    </Image>
    <Image Include="Res\Board.bmp">
      <Filter>资源文件</Filter>
    </Image>
    <Image Include="DiamondOutlined.bmp">
      <Filter>资源文件</Filter>
    </Image>
    <Image Include="DiamondSolid.bmp">
      <Filter>资源文件</Filter>
    </Image>
    <Image Include="DiamondStriped.bmp">
      <Filter>资源文件</Filter>
    </Image>
    <Image Include="Res\DiamondOutlined.bmp">
      <Filter>资源文件</Filter>
    </Image>
    <Image Include="Res\DiamondSolid.bmp">
      <Filter>资源文件</Filter>
    </Image>
    <Image Include="Res\DiamondStriped.bmp">
      <Filter>资源文件</Filter>
    </Image>
    <Image Include="OvalOutlined.bmp">
      <Filter>资源文件</Filter>
    </Image>
    <Image Include="OvalSolid.bmp">
      <Filter>资源文件</Filter>
    </Image>
    <Image Include="OvalStriped.bmp">
      <Filter>资源文件</Filter>
    </Image>
    <Image Include="SquiggleOutlined.bmp">
      <Filter>资源文件</Filter>
    </Image>
    <Image Include="SquiggleSolid.bmp">
      <Filter>资源文件</Filter>
    </Image>
    <Image Include="SquiggleStriped.bmp">
      <Filter>资源文件</Filter>
    </Image>
    <Image Include="Res\OvalOutlined.bmp">
      <Filter>资源文件</Filter>
    </Image>
    <Image Include="Res\OvalSolid.bmp">
      <Filter>资源文件</Filter>
    </Image>
    <Image Include="Res\OvalStriped.bmp">
      <Filter>资源文件</Filter>
    </Image>
    <Image Include="Res\SquiggleOutlined.bmp">
      <Filter>资源文件</Filter>
    </Image>
    <Image Include="Res\SquiggleSolid.bmp">
      <Filter>资源文件</Filter>
    </Image>
    <Image Include="Res\SquiggleStriped.bmp">
      <Filter>资源文件</Filter>
    </Image>
  </ItemGroup>
  <ItemGroup>
    <ResourceCompile Include="Res\SET.rc">
      <Filter>资源文件</Filter>
    </ResourceCompile>
  </ItemGroup>
</Project>